
Microsoft Visual Studio Solution File, Format Version 12.00
# Visual Studio Version 17
VisualStudioVersion = 17.9.34622.214
MinimumVisualStudioVersion = 10.0.40219.1
Project("{FAE04EC0-301F-11D3-BF4B-00C04F79EFBC}") = "matvelickov-filter1", "matvelickov-filter1.csproj", "{D5E06D9E-2827-4C50-871C-329801C55D38}"
EndProject
Global
	GlobalSection(SolutionConfigurationPlatforms) = preSolution
		Debug|Any CPU = Debug|Any CPU
		Release|Any CPU = Release|Any CPU
	EndGlobalSection
	GlobalSection(ProjectConfigurationPlatforms) = postSolution
		{D5E06D9E-2827-4C50-871C-329801C55D38}.Debug|Any CPU.ActiveCfg = Debug|Any CPU
		{D5E06D9E-2827-4C50-871C-329801C55D38}.Debug|Any CPU.Build.0 = Debug|Any CPU
		{D5E06D9E-2827-4C50-871C-329801C55D38}.Release|Any CPU.ActiveCfg = Release|Any CPU
		{D5E06D9E-2827-4C50-871C-329801C55D38}.Release|Any CPU.Build.0 = Release|Any CPU
	EndGlobalSection
	GlobalSection(SolutionProperties) = preSolution
		HideSolutionNode = FALSE
	EndGlobalSection
	GlobalSection(ExtensibilityGlobals) = postSolution
		SolutionGuid = {015E294C-FD91-433A-9117-0EA9DD5E3778}
	EndGlobalSection
EndGlobal
