
Microsoft Visual Studio Solution File, Format Version 12.00
# Visual Studio Version 17
VisualStudioVersion = 17.9.34622.214
MinimumVisualStudioVersion = 10.0.40219.1
Project("{FAE04EC0-301F-11D3-BF4B-00C04F79EFBC}") = "323-matvelickov-rando", "323-matvelickov-rando.csproj", "{D5519116-0BC1-4D12-A976-4C980EABBA2C}"
EndProject
Global
	GlobalSection(SolutionConfigurationPlatforms) = preSolution
		Debug|Any CPU = Debug|Any CPU
		Release|Any CPU = Release|Any CPU
	EndGlobalSection
	GlobalSection(ProjectConfigurationPlatforms) = postSolution
		{D5519116-0BC1-4D12-A976-4C980EABBA2C}.Debug|Any CPU.ActiveCfg = Debug|Any CPU
		{D5519116-0BC1-4D12-A976-4C980EABBA2C}.Debug|Any CPU.Build.0 = Debug|Any CPU
		{D5519116-0BC1-4D12-A976-4C980EABBA2C}.Release|Any CPU.ActiveCfg = Release|Any CPU
		{D5519116-0BC1-4D12-A976-4C980EABBA2C}.Release|Any CPU.Build.0 = Release|Any CPU
	EndGlobalSection
	GlobalSection(SolutionProperties) = preSolution
		HideSolutionNode = FALSE
	EndGlobalSection
	GlobalSection(ExtensibilityGlobals) = postSolution
		SolutionGuid = {F91F169E-AF72-488D-A950-19CAB0893749}
	EndGlobalSection
EndGlobal
